
Microsoft Visual Studio Solution File, Format Version 12.00
# Visual Studio Version 16
VisualStudioVersion = 16.0.30114.105
MinimumVisualStudioVersion = 10.0.40219.1
Project("{FAE04EC0-301F-11D3-BF4B-00C04F79EFBC}") = "Bil372_Homework", "Bil372_Homework\Bil372_Homework.csproj", "{3762DBD2-8BA1-4F0C-A972-6A8C25EA34E8}"
EndProject
Global
	GlobalSection(SolutionConfigurationPlatforms) = preSolution
		Debug|Any CPU = Debug|Any CPU
		Release|Any CPU = Release|Any CPU
	EndGlobalSection
	GlobalSection(ProjectConfigurationPlatforms) = postSolution
		{3762DBD2-8BA1-4F0C-A972-6A8C25EA34E8}.Debug|Any CPU.ActiveCfg = Debug|Any CPU
		{3762DBD2-8BA1-4F0C-A972-6A8C25EA34E8}.Debug|Any CPU.Build.0 = Debug|Any CPU
		{3762DBD2-8BA1-4F0C-A972-6A8C25EA34E8}.Release|Any CPU.ActiveCfg = Release|Any CPU
		{3762DBD2-8BA1-4F0C-A972-6A8C25EA34E8}.Release|Any CPU.Build.0 = Release|Any CPU
	EndGlobalSection
	GlobalSection(SolutionProperties) = preSolution
		HideSolutionNode = FALSE
	EndGlobalSection
	GlobalSection(ExtensibilityGlobals) = postSolution
		SolutionGuid = {35B73DFF-033F-4A44-B2AB-25C201CE5800}
	EndGlobalSection
EndGlobal
